
Microsoft Visual Studio Solution File, Format Version 12.00
# Visual Studio 15
VisualStudioVersion = 15.0.28307.539
MinimumVisualStudioVersion = 10.0.40219.1
Project("{FAE04EC0-301F-11D3-BF4B-00C04F79EFBC}") = "DB_Faculty_LINQ", "DB_Faculty_LINQ\DB_Faculty_LINQ.csproj", "{40C265B8-2370-4CF4-8836-90A3C34CEC88}"
EndProject
Global
	GlobalSection(SolutionConfigurationPlatforms) = preSolution
		Debug|Any CPU = Debug|Any CPU
		Release|Any CPU = Release|Any CPU
	EndGlobalSection
	GlobalSection(ProjectConfigurationPlatforms) = postSolution
		{40C265B8-2370-4CF4-8836-90A3C34CEC88}.Debug|Any CPU.ActiveCfg = Debug|Any CPU
		{40C265B8-2370-4CF4-8836-90A3C34CEC88}.Debug|Any CPU.Build.0 = Debug|Any CPU
		{40C265B8-2370-4CF4-8836-90A3C34CEC88}.Release|Any CPU.ActiveCfg = Release|Any CPU
		{40C265B8-2370-4CF4-8836-90A3C34CEC88}.Release|Any CPU.Build.0 = Release|Any CPU
	EndGlobalSection
	GlobalSection(SolutionProperties) = preSolution
		HideSolutionNode = FALSE
	EndGlobalSection
	GlobalSection(ExtensibilityGlobals) = postSolution
		SolutionGuid = {24BAC53F-DB4A-4E47-83D3-64609741E915}
	EndGlobalSection
EndGlobal
